
Microsoft Visual Studio Solution File, Format Version 12.00
# Visual Studio Version 17
VisualStudioVersion = 17.11.35327.3
MinimumVisualStudioVersion = 10.0.40219.1
Project("{FAE04EC0-301F-11D3-BF4B-00C04F79EFBC}") = "Quiz.wpf", "Quiz.wpf.csproj", "{D6E0A6A6-A4DC-4527-8755-339533C4E723}"
EndProject
Project("{FAE04EC0-301F-11D3-BF4B-00C04F79EFBC}") = "QuizLibrary.dll", "..\QuizLibrary.dll\QuizLibrary.dll.csproj", "{11CC0AEB-F146-4BAC-91A4-CF5AD31B91D2}"
EndProject
Global
	GlobalSection(SolutionConfigurationPlatforms) = preSolution
		Debug|Any CPU = Debug|Any CPU
		Release|Any CPU = Release|Any CPU
	EndGlobalSection
	GlobalSection(ProjectConfigurationPlatforms) = postSolution
		{D6E0A6A6-A4DC-4527-8755-339533C4E723}.Debug|Any CPU.ActiveCfg = Debug|Any CPU
		{D6E0A6A6-A4DC-4527-8755-339533C4E723}.Debug|Any CPU.Build.0 = Debug|Any CPU
		{D6E0A6A6-A4DC-4527-8755-339533C4E723}.Release|Any CPU.ActiveCfg = Release|Any CPU
		{D6E0A6A6-A4DC-4527-8755-339533C4E723}.Release|Any CPU.Build.0 = Release|Any CPU
		{11CC0AEB-F146-4BAC-91A4-CF5AD31B91D2}.Debug|Any CPU.ActiveCfg = Debug|Any CPU
		{11CC0AEB-F146-4BAC-91A4-CF5AD31B91D2}.Debug|Any CPU.Build.0 = Debug|Any CPU
		{11CC0AEB-F146-4BAC-91A4-CF5AD31B91D2}.Release|Any CPU.ActiveCfg = Release|Any CPU
		{11CC0AEB-F146-4BAC-91A4-CF5AD31B91D2}.Release|Any CPU.Build.0 = Release|Any CPU
	EndGlobalSection
	GlobalSection(SolutionProperties) = preSolution
		HideSolutionNode = FALSE
	EndGlobalSection
	GlobalSection(ExtensibilityGlobals) = postSolution
		SolutionGuid = {63B4D837-0AC3-47AD-9465-BFD904B11E73}
	EndGlobalSection
EndGlobal
